
Microsoft Visual Studio Solution File, Format Version 12.00
# Visual Studio Version 17
VisualStudioVersion = 17.3.32922.545
MinimumVisualStudioVersion = 10.0.40219.1
Project("{9A19103F-16F7-4668-BE54-9A1E7A4F7556}") = "FingerprintRecognitionV2", "FingerprintRecognitionV2.csproj", "{48388793-78D0-486D-88F4-994C6971D3A0}"
EndProject
Global
	GlobalSection(SolutionConfigurationPlatforms) = preSolution
		Debug|Any CPU = Debug|Any CPU
		Debug|x64 = Debug|x64
		Release|Any CPU = Release|Any CPU
		Release|x64 = Release|x64
	EndGlobalSection
	GlobalSection(ProjectConfigurationPlatforms) = postSolution
		{48388793-78D0-486D-88F4-994C6971D3A0}.Debug|Any CPU.ActiveCfg = Release|Any CPU
		{48388793-78D0-486D-88F4-994C6971D3A0}.Debug|Any CPU.Build.0 = Release|Any CPU
		{48388793-78D0-486D-88F4-994C6971D3A0}.Debug|x64.ActiveCfg = Release|x64
		{48388793-78D0-486D-88F4-994C6971D3A0}.Debug|x64.Build.0 = Release|x64
		{48388793-78D0-486D-88F4-994C6971D3A0}.Release|Any CPU.ActiveCfg = Release|Any CPU
		{48388793-78D0-486D-88F4-994C6971D3A0}.Release|Any CPU.Build.0 = Release|Any CPU
		{48388793-78D0-486D-88F4-994C6971D3A0}.Release|x64.ActiveCfg = Release|x64
		{48388793-78D0-486D-88F4-994C6971D3A0}.Release|x64.Build.0 = Release|x64
	EndGlobalSection
	GlobalSection(SolutionProperties) = preSolution
		HideSolutionNode = FALSE
	EndGlobalSection
	GlobalSection(ExtensibilityGlobals) = postSolution
		SolutionGuid = {1AB20C40-434E-4F33-A9D2-A755EAE5118B}
	EndGlobalSection
EndGlobal
